
Microsoft Visual Studio Solution File, Format Version 12.00
# Visual Studio Version 17
VisualStudioVersion = 17.2.32630.192
MinimumVisualStudioVersion = 10.0.40219.1
Project("{9A19103F-16F7-4668-BE54-9A1E7A4F7556}") = "R5T.T0199", "R5T.T0199\R5T.T0199.csproj", "{0BF4660F-E812-4C66-9659-8061477E5A30}"
EndProject
Project("{2150E333-8FDC-42A3-9474-1A3956D46DE8}") = "_Dependencies", "_Dependencies", "{73049EE7-FED1-4324-A7A4-790EFF76E14C}"
EndProject
Project("{9A19103F-16F7-4668-BE54-9A1E7A4F7556}") = "R5T.T0132", "..\..\R5T.T0132\source\R5T.T0132\R5T.T0132.csproj", "{7CD822D8-CB6A-4F7F-B371-EA1A7D75FBED}"
EndProject
Project("{9A19103F-16F7-4668-BE54-9A1E7A4F7556}") = "R5T.T0143", "..\..\R5T.T0143\source\R5T.T0143\R5T.T0143.csproj", "{CEC7E61E-36F3-44E6-8E47-0F62CC7C1848}"
EndProject
Project("{9A19103F-16F7-4668-BE54-9A1E7A4F7556}") = "R5T.T0178", "..\..\R5T.T0178\source\R5T.T0178\R5T.T0178.csproj", "{A823BB12-3A58-4B56-BC9D-3EDD7A506CF2}"
EndProject
Project("{9A19103F-16F7-4668-BE54-9A1E7A4F7556}") = "R5T.T0179", "..\..\R5T.T0179\source\R5T.T0179\R5T.T0179.csproj", "{3B249C60-5657-424B-850B-FEF978A46FDA}"
EndProject
Global
	GlobalSection(NestedProjects) = preSolution
		{7CD822D8-CB6A-4F7F-B371-EA1A7D75FBED} = {73049EE7-FED1-4324-A7A4-790EFF76E14C}
		{CEC7E61E-36F3-44E6-8E47-0F62CC7C1848} = {73049EE7-FED1-4324-A7A4-790EFF76E14C}
		{A823BB12-3A58-4B56-BC9D-3EDD7A506CF2} = {73049EE7-FED1-4324-A7A4-790EFF76E14C}
		{3B249C60-5657-424B-850B-FEF978A46FDA} = {73049EE7-FED1-4324-A7A4-790EFF76E14C}
	EndGlobalSection
	GlobalSection(SolutionConfigurationPlatforms) = preSolution
		Debug|Any CPU = Debug|Any CPU
		Release|Any CPU = Release|Any CPU
	EndGlobalSection
	GlobalSection(ProjectConfigurationPlatforms) = postSolution
		{0BF4660F-E812-4C66-9659-8061477E5A30}.Debug|Any CPU.ActiveCfg = Debug|Any CPU
		{0BF4660F-E812-4C66-9659-8061477E5A30}.Debug|Any CPU.Build.0 = Debug|Any CPU
		{0BF4660F-E812-4C66-9659-8061477E5A30}.Release|Any CPU.ActiveCfg = Release|Any CPU
		{0BF4660F-E812-4C66-9659-8061477E5A30}.Release|Any CPU.Build.0 = Release|Any CPU
		{7CD822D8-CB6A-4F7F-B371-EA1A7D75FBED}.Debug|Any CPU.ActiveCfg = Debug|Any CPU
		{7CD822D8-CB6A-4F7F-B371-EA1A7D75FBED}.Debug|Any CPU.Build.0 = Debug|Any CPU
		{7CD822D8-CB6A-4F7F-B371-EA1A7D75FBED}.Release|Any CPU.ActiveCfg = Release|Any CPU
		{7CD822D8-CB6A-4F7F-B371-EA1A7D75FBED}.Release|Any CPU.Build.0 = Release|Any CPU
		{CEC7E61E-36F3-44E6-8E47-0F62CC7C1848}.Debug|Any CPU.ActiveCfg = Debug|Any CPU
		{CEC7E61E-36F3-44E6-8E47-0F62CC7C1848}.Debug|Any CPU.Build.0 = Debug|Any CPU
		{CEC7E61E-36F3-44E6-8E47-0F62CC7C1848}.Release|Any CPU.ActiveCfg = Release|Any CPU
		{CEC7E61E-36F3-44E6-8E47-0F62CC7C1848}.Release|Any CPU.Build.0 = Release|Any CPU
		{A823BB12-3A58-4B56-BC9D-3EDD7A506CF2}.Debug|Any CPU.ActiveCfg = Debug|Any CPU
		{A823BB12-3A58-4B56-BC9D-3EDD7A506CF2}.Debug|Any CPU.Build.0 = Debug|Any CPU
		{A823BB12-3A58-4B56-BC9D-3EDD7A506CF2}.Release|Any CPU.ActiveCfg = Release|Any CPU
		{A823BB12-3A58-4B56-BC9D-3EDD7A506CF2}.Release|Any CPU.Build.0 = Release|Any CPU
		{3B249C60-5657-424B-850B-FEF978A46FDA}.Debug|Any CPU.ActiveCfg = Debug|Any CPU
		{3B249C60-5657-424B-850B-FEF978A46FDA}.Debug|Any CPU.Build.0 = Debug|Any CPU
		{3B249C60-5657-424B-850B-FEF978A46FDA}.Release|Any CPU.ActiveCfg = Release|Any CPU
		{3B249C60-5657-424B-850B-FEF978A46FDA}.Release|Any CPU.Build.0 = Release|Any CPU
	EndGlobalSection
	GlobalSection(SolutionProperties) = preSolution
		HideSolutionNode = FALSE
	EndGlobalSection
	GlobalSection(ExtensibilityGlobals) = postSolution
		SolutionGuid = {E4BF4856-1E27-41B4-9085-A562C16E50D7}
	EndGlobalSection
EndGlobal
