
Microsoft Visual Studio Solution File, Format Version 12.00
# Visual Studio Version 17
VisualStudioVersion = 17.2.32630.192
MinimumVisualStudioVersion = 10.0.40219.1
Project("{9A19103F-16F7-4668-BE54-9A1E7A4F7556}") = "R5T.T0199.Construction", "R5T.T0199.Construction\R5T.T0199.Construction.csproj", "{84DDD5BD-98B4-4C75-B75C-32AFC2379EFC}"
EndProject
Project("{9A19103F-16F7-4668-BE54-9A1E7A4F7556}") = "R5T.T0199", "R5T.T0199\R5T.T0199.csproj", "{68B93049-6D58-4FCE-9618-6EBDB77F3C0C}"
EndProject
Project("{2150E333-8FDC-42A3-9474-1A3956D46DE8}") = "_Dependencies", "_Dependencies", "{889F2EEF-041F-4379-9582-1B0A70CC2232}"
EndProject
Project("{9A19103F-16F7-4668-BE54-9A1E7A4F7556}") = "R5T.T0132", "..\..\R5T.T0132\source\R5T.T0132\R5T.T0132.csproj", "{B52F94A9-3E88-4C32-8E4D-9BD3735EDA22}"
EndProject
Project("{9A19103F-16F7-4668-BE54-9A1E7A4F7556}") = "R5T.T0143", "..\..\R5T.T0143\source\R5T.T0143\R5T.T0143.csproj", "{70EA1C04-0188-4D46-B7A1-9C23D568022C}"
EndProject
Project("{9A19103F-16F7-4668-BE54-9A1E7A4F7556}") = "R5T.T0178", "..\..\R5T.T0178\source\R5T.T0178\R5T.T0178.csproj", "{730C2A13-77B2-4B64-9831-2FD5999C9450}"
EndProject
Project("{9A19103F-16F7-4668-BE54-9A1E7A4F7556}") = "R5T.T0179", "..\..\R5T.T0179\source\R5T.T0179\R5T.T0179.csproj", "{44E4C0C8-5F94-47F6-9D82-3C6826D7A185}"
EndProject
Global
	GlobalSection(NestedProjects) = preSolution
		{B52F94A9-3E88-4C32-8E4D-9BD3735EDA22} = {889F2EEF-041F-4379-9582-1B0A70CC2232}
		{70EA1C04-0188-4D46-B7A1-9C23D568022C} = {889F2EEF-041F-4379-9582-1B0A70CC2232}
		{730C2A13-77B2-4B64-9831-2FD5999C9450} = {889F2EEF-041F-4379-9582-1B0A70CC2232}
		{44E4C0C8-5F94-47F6-9D82-3C6826D7A185} = {889F2EEF-041F-4379-9582-1B0A70CC2232}
	EndGlobalSection
	GlobalSection(SolutionConfigurationPlatforms) = preSolution
		Debug|Any CPU = Debug|Any CPU
		Release|Any CPU = Release|Any CPU
	EndGlobalSection
	GlobalSection(ProjectConfigurationPlatforms) = postSolution
		{84DDD5BD-98B4-4C75-B75C-32AFC2379EFC}.Debug|Any CPU.ActiveCfg = Debug|Any CPU
		{84DDD5BD-98B4-4C75-B75C-32AFC2379EFC}.Debug|Any CPU.Build.0 = Debug|Any CPU
		{84DDD5BD-98B4-4C75-B75C-32AFC2379EFC}.Release|Any CPU.ActiveCfg = Release|Any CPU
		{84DDD5BD-98B4-4C75-B75C-32AFC2379EFC}.Release|Any CPU.Build.0 = Release|Any CPU
		{68B93049-6D58-4FCE-9618-6EBDB77F3C0C}.Debug|Any CPU.ActiveCfg = Debug|Any CPU
		{68B93049-6D58-4FCE-9618-6EBDB77F3C0C}.Debug|Any CPU.Build.0 = Debug|Any CPU
		{68B93049-6D58-4FCE-9618-6EBDB77F3C0C}.Release|Any CPU.ActiveCfg = Release|Any CPU
		{68B93049-6D58-4FCE-9618-6EBDB77F3C0C}.Release|Any CPU.Build.0 = Release|Any CPU
		{B52F94A9-3E88-4C32-8E4D-9BD3735EDA22}.Debug|Any CPU.ActiveCfg = Debug|Any CPU
		{B52F94A9-3E88-4C32-8E4D-9BD3735EDA22}.Debug|Any CPU.Build.0 = Debug|Any CPU
		{B52F94A9-3E88-4C32-8E4D-9BD3735EDA22}.Release|Any CPU.ActiveCfg = Release|Any CPU
		{B52F94A9-3E88-4C32-8E4D-9BD3735EDA22}.Release|Any CPU.Build.0 = Release|Any CPU
		{70EA1C04-0188-4D46-B7A1-9C23D568022C}.Debug|Any CPU.ActiveCfg = Debug|Any CPU
		{70EA1C04-0188-4D46-B7A1-9C23D568022C}.Debug|Any CPU.Build.0 = Debug|Any CPU
		{70EA1C04-0188-4D46-B7A1-9C23D568022C}.Release|Any CPU.ActiveCfg = Release|Any CPU
		{70EA1C04-0188-4D46-B7A1-9C23D568022C}.Release|Any CPU.Build.0 = Release|Any CPU
		{730C2A13-77B2-4B64-9831-2FD5999C9450}.Debug|Any CPU.ActiveCfg = Debug|Any CPU
		{730C2A13-77B2-4B64-9831-2FD5999C9450}.Debug|Any CPU.Build.0 = Debug|Any CPU
		{730C2A13-77B2-4B64-9831-2FD5999C9450}.Release|Any CPU.ActiveCfg = Release|Any CPU
		{730C2A13-77B2-4B64-9831-2FD5999C9450}.Release|Any CPU.Build.0 = Release|Any CPU
		{44E4C0C8-5F94-47F6-9D82-3C6826D7A185}.Debug|Any CPU.ActiveCfg = Debug|Any CPU
		{44E4C0C8-5F94-47F6-9D82-3C6826D7A185}.Debug|Any CPU.Build.0 = Debug|Any CPU
		{44E4C0C8-5F94-47F6-9D82-3C6826D7A185}.Release|Any CPU.ActiveCfg = Release|Any CPU
		{44E4C0C8-5F94-47F6-9D82-3C6826D7A185}.Release|Any CPU.Build.0 = Release|Any CPU
	EndGlobalSection
	GlobalSection(SolutionProperties) = preSolution
		HideSolutionNode = FALSE
	EndGlobalSection
	GlobalSection(ExtensibilityGlobals) = postSolution
		SolutionGuid = {295B28A3-DC1D-4C9D-A9EB-F6E43DF583E2}
	EndGlobalSection
EndGlobal
