
Microsoft Visual Studio Solution File, Format Version 12.00
# Visual Studio Version 17
VisualStudioVersion = 17.2.32630.192
MinimumVisualStudioVersion = 10.0.40219.1
Project("{9A19103F-16F7-4668-BE54-9A1E7A4F7556}") = "R5T.T0199.Construction", "R5T.T0199.Construction\R5T.T0199.Construction.csproj", "{84DDD5BD-98B4-4C75-B75C-32AFC2379EFC}"
EndProject
Project("{9A19103F-16F7-4668-BE54-9A1E7A4F7556}") = "R5T.T0199", "R5T.T0199\R5T.T0199.csproj", "{68B93049-6D58-4FCE-9618-6EBDB77F3C0C}"
EndProject
Project("{2150E333-8FDC-42A3-9474-1A3956D46DE8}") = "_Dependencies", "_Dependencies", "{889F2EEF-041F-4379-9582-1B0A70CC2232}"
EndProject
Project("{9A19103F-16F7-4668-BE54-9A1E7A4F7556}") = "R5T.T0132", "..\..\R5T.T0132\source\R5T.T0132\R5T.T0132.csproj", "{B52F94A9-3E88-4C32-8E4D-9BD3735EDA22}"
EndProject
Project("{9A19103F-16F7-4668-BE54-9A1E7A4F7556}") = "R5T.T0143", "..\..\R5T.T0143\source\R5T.T0143\R5T.T0143.csproj", "{70EA1C04-0188-4D46-B7A1-9C23D568022C}"
EndProject
Project("{9A19103F-16F7-4668-BE54-9A1E7A4F7556}") = "R5T.T0178", "..\..\R5T.T0178\source\R5T.T0178\R5T.T0178.csproj", "{730C2A13-77B2-4B64-9831-2FD5999C9450}"
EndProject
Project("{9A19103F-16F7-4668-BE54-9A1E7A4F7556}") = "R5T.T0179", "..\..\R5T.T0179\source\R5T.T0179\R5T.T0179.csproj", "{44E4C0C8-5F94-47F6-9D82-3C6826D7A185}"
EndProject
Project("{9A19103F-16F7-4668-BE54-9A1E7A4F7556}") = "R5T.T0156", "..\..\R5T.T0156\source\R5T.T0156\R5T.T0156.csproj", "{8B38CAA4-7B67-4461-9E82-59BFA429D512}"
EndProject
Project("{9A19103F-16F7-4668-BE54-9A1E7A4F7556}") = "R5T.Y0000", "..\..\R5T.Y0000\source\R5T.Y0000\R5T.Y0000.csproj", "{7B94505F-8A1A-4A16-9FBE-B69B9A1F869F}"
EndProject
Project("{9A19103F-16F7-4668-BE54-9A1E7A4F7556}") = "R5T.Y0006", "..\..\R5T.Y0006\source\R5T.Y0006\R5T.Y0006.csproj", "{443CC697-930B-48F0-B57C-264C144DEBCE}"
EndProject
Project("{9A19103F-16F7-4668-BE54-9A1E7A4F7556}") = "R5T.T0199.T000", "R5T.T0199.T000\R5T.T0199.T000.csproj", "{350ED189-35A0-4913-8DD1-6D1E2DEEE4A6}"
EndProject
Project("{9A19103F-16F7-4668-BE54-9A1E7A4F7556}") = "R5T.F0000", "..\..\R5T.F0000\source\R5T.F0000\R5T.F0000.csproj", "{1BC687D1-C8E8-4CF1-AA9B-12AFAB914996}"
EndProject
Project("{9A19103F-16F7-4668-BE54-9A1E7A4F7556}") = "R5T.F0002", "..\..\R5T.F0002\source\R5T.F0002\R5T.F0002.csproj", "{86C300D8-70F4-4FE1-B103-670B1A217865}"
EndProject
Project("{9A19103F-16F7-4668-BE54-9A1E7A4F7556}") = "R5T.F0059", "..\..\R5T.F0059\source\R5T.F0059\R5T.F0059.csproj", "{6BBDF4EE-10C6-4467-9F24-00FBFA9D14B5}"
EndProject
Project("{9A19103F-16F7-4668-BE54-9A1E7A4F7556}") = "R5T.F0120", "..\..\R5T.F0120\source\R5T.F0120\R5T.F0120.csproj", "{50E125D4-0F43-47A7-8C56-0BDA77060386}"
EndProject
Project("{9A19103F-16F7-4668-BE54-9A1E7A4F7556}") = "R5T.F0124", "..\..\R5T.F0124\source\R5T.F0124\R5T.F0124.csproj", "{8786E54A-D206-4D88-85CA-17059BBD00E0}"
EndProject
Project("{9A19103F-16F7-4668-BE54-9A1E7A4F7556}") = "R5T.F0125", "..\..\R5T.F0125\source\R5T.F0125\R5T.F0125.csproj", "{8589A5DC-9B15-4499-A9C2-25AEFA6661BC}"
EndProject
Project("{9A19103F-16F7-4668-BE54-9A1E7A4F7556}") = "R5T.L0030.T000", "..\..\R5T.L0030\source\R5T.L0030.T000\R5T.L0030.T000.csproj", "{A812488F-6769-4E34-8E63-309CDB6D088C}"
EndProject
Project("{9A19103F-16F7-4668-BE54-9A1E7A4F7556}") = "R5T.L0030", "..\..\R5T.L0030\source\R5T.L0030\R5T.L0030.csproj", "{11138728-AAFF-4D25-A82E-B1C414D36FA1}"
EndProject
Project("{9A19103F-16F7-4668-BE54-9A1E7A4F7556}") = "R5T.L0034", "..\..\R5T.L0034\source\R5T.L0034\R5T.L0034.csproj", "{5636BDD5-A166-4D8F-82FA-975D9C5FBA6E}"
EndProject
Project("{9A19103F-16F7-4668-BE54-9A1E7A4F7556}") = "R5T.L0035", "..\..\R5T.L0035\source\R5T.L0035\R5T.L0035.csproj", "{6866255E-B46D-41A6-9669-011EFCCBD24E}"
EndProject
Project("{9A19103F-16F7-4668-BE54-9A1E7A4F7556}") = "R5T.L0053", "..\..\R5T.L0053\source\R5T.L0053\R5T.L0053.csproj", "{75271798-CA0A-4DF7-B62A-0A9B0D6602AA}"
EndProject
Project("{9A19103F-16F7-4668-BE54-9A1E7A4F7556}") = "R5T.L0056", "..\..\R5T.L0056\source\R5T.L0056\R5T.L0056.csproj", "{429C8BE9-9CB7-45AB-8F5E-C972CA04438C}"
EndProject
Project("{9A19103F-16F7-4668-BE54-9A1E7A4F7556}") = "R5T.L0066", "..\..\R5T.L0066\source\R5T.L0066\R5T.L0066.csproj", "{2483B7F9-D098-4144-B123-3F543BEFC9E1}"
EndProject
Project("{9A19103F-16F7-4668-BE54-9A1E7A4F7556}") = "R5T.NG0006", "..\..\R5T.NG0006\source\R5T.NG0006\R5T.NG0006.csproj", "{0ACE3B6F-2232-4671-B71A-93EB558EDC52}"
EndProject
Project("{9A19103F-16F7-4668-BE54-9A1E7A4F7556}") = "R5T.NG0022", "..\..\R5T.NG0022\source\R5T.NG0022\R5T.NG0022.csproj", "{0147F72D-D387-4A74-ACD8-E282FCF388AF}"
EndProject
Project("{9A19103F-16F7-4668-BE54-9A1E7A4F7556}") = "R5T.T0131", "..\..\R5T.T0131\source\R5T.T0131\R5T.T0131.csproj", "{8CD72254-6F17-4664-B90B-5E5B74047059}"
EndProject
Project("{9A19103F-16F7-4668-BE54-9A1E7A4F7556}") = "R5T.T0142", "..\..\R5T.T0142\source\R5T.T0142\R5T.T0142.csproj", "{D2E8232F-7027-457D-AC5E-DC225DE8A780}"
EndProject
Project("{9A19103F-16F7-4668-BE54-9A1E7A4F7556}") = "R5T.T0150", "..\..\R5T.T0150\source\R5T.T0150\R5T.T0150.csproj", "{B04567C3-E9ED-4759-AB25-765E7C836719}"
EndProject
Project("{9A19103F-16F7-4668-BE54-9A1E7A4F7556}") = "R5T.T0151", "..\..\R5T.T0151\source\R5T.T0151\R5T.T0151.csproj", "{AD4D1632-F978-4DE7-863D-BA0D735129C5}"
EndProject
Project("{9A19103F-16F7-4668-BE54-9A1E7A4F7556}") = "R5T.T0158", "..\..\R5T.T0158\source\R5T.T0158\R5T.T0158.csproj", "{2CA731FC-C131-4DE5-A414-4155E5F5F701}"
EndProject
Project("{9A19103F-16F7-4668-BE54-9A1E7A4F7556}") = "R5T.T0159", "..\..\R5T.T0159\source\R5T.T0159\R5T.T0159.csproj", "{1398F721-49E5-48D9-942E-26BB2C6429B8}"
EndProject
Project("{9A19103F-16F7-4668-BE54-9A1E7A4F7556}") = "R5T.T0172", "..\..\R5T.T0172\source\R5T.T0172\R5T.T0172.csproj", "{43021A05-25E1-4AFF-BAD5-C1A2EBDF2D0F}"
EndProject
Project("{9A19103F-16F7-4668-BE54-9A1E7A4F7556}") = "R5T.T0174", "..\..\R5T.T0174\source\R5T.T0174\R5T.T0174.csproj", "{BD1CF87D-43B5-4BD6-8687-E146E9B872A2}"
EndProject
Project("{9A19103F-16F7-4668-BE54-9A1E7A4F7556}") = "R5T.T0176", "..\..\R5T.T0176\source\R5T.T0176\R5T.T0176.csproj", "{3C835E92-96F9-4CCA-9424-A70D610110B8}"
EndProject
Project("{9A19103F-16F7-4668-BE54-9A1E7A4F7556}") = "R5T.T0177", "..\..\R5T.T0177\source\R5T.T0177\R5T.T0177.csproj", "{7186F453-DB30-4B14-8E7C-1C3FAA1DF06B}"
EndProject
Project("{9A19103F-16F7-4668-BE54-9A1E7A4F7556}") = "R5T.T0180", "..\..\R5T.T0180\source\R5T.T0180\R5T.T0180.csproj", "{BCB0A2F0-1C04-41EC-9B2A-4743B4FDB809}"
EndProject
Project("{9A19103F-16F7-4668-BE54-9A1E7A4F7556}") = "R5T.T0181", "..\..\R5T.T0181\source\R5T.T0181\R5T.T0181.csproj", "{55A604BD-26A7-4DE2-BA8F-587711854549}"
EndProject
Project("{9A19103F-16F7-4668-BE54-9A1E7A4F7556}") = "R5T.T0185", "..\..\R5T.T0185\source\R5T.T0185\R5T.T0185.csproj", "{8624710C-0105-45D9-8630-D614EA527F5C}"
EndProject
Project("{9A19103F-16F7-4668-BE54-9A1E7A4F7556}") = "R5T.T0203", "..\..\R5T.T0203\source\R5T.T0203\R5T.T0203.csproj", "{06CC6883-6898-4C70-9C6E-AA17C512F5B2}"
EndProject
Project("{9A19103F-16F7-4668-BE54-9A1E7A4F7556}") = "R5T.T0213", "..\..\R5T.T0213\source\R5T.T0213\R5T.T0213.csproj", "{6F951582-B464-4061-B286-289E7607738D}"
EndProject
Project("{9A19103F-16F7-4668-BE54-9A1E7A4F7556}") = "R5T.T0218", "..\..\R5T.T0218\source\R5T.T0218\R5T.T0218.csproj", "{D2608CA0-B025-4667-855C-8C7EFA02ABAE}"
EndProject
Project("{9A19103F-16F7-4668-BE54-9A1E7A4F7556}") = "R5T.T0219", "..\..\R5T.T0219\source\R5T.T0219\R5T.T0219.csproj", "{0BD265E8-799F-4C5F-9445-6D1B45ACAAEF}"
EndProject
Project("{9A19103F-16F7-4668-BE54-9A1E7A4F7556}") = "R5T.T0220", "..\..\R5T.T0220\source\R5T.T0220\R5T.T0220.csproj", "{AD20A9A4-3EDB-4711-8DE3-CC93094F09FF}"
EndProject
Project("{9A19103F-16F7-4668-BE54-9A1E7A4F7556}") = "R5T.T0221", "..\..\R5T.T0221\source\R5T.T0221\R5T.T0221.csproj", "{87C9703E-6D73-49D0-A3A8-680E05C0C77A}"
EndProject
Project("{9A19103F-16F7-4668-BE54-9A1E7A4F7556}") = "R5T.T0227", "..\..\R5T.T0227\source\R5T.T0227\R5T.T0227.csproj", "{60A1BB6A-BA7B-4868-8E0C-A97DF1AB38F7}"
EndProject
Project("{9A19103F-16F7-4668-BE54-9A1E7A4F7556}") = "R5T.Z0000", "..\..\R5T.Z0000\source\R5T.Z0000\R5T.Z0000.csproj", "{6BF8B088-C666-4BEC-BE98-90A3BC5BD7E4}"
EndProject
Project("{9A19103F-16F7-4668-BE54-9A1E7A4F7556}") = "R5T.Z0010.Platform", "..\..\R5T.Z0010\source\R5T.Z0010.Platform\R5T.Z0010.Platform.csproj", "{36E7C427-2BBB-4EFC-9A0D-8C2E25EAF377}"
EndProject
Project("{9A19103F-16F7-4668-BE54-9A1E7A4F7556}") = "R5T.Z0010", "..\..\R5T.Z0010\source\R5T.Z0010\R5T.Z0010.csproj", "{8EDD790B-7071-49DB-BD3B-D4C0D62C4294}"
EndProject
Project("{9A19103F-16F7-4668-BE54-9A1E7A4F7556}") = "R5T.Z0057.Platform", "..\..\R5T.Z0057\source\R5T.Z0057.Platform\R5T.Z0057.Platform.csproj", "{25CB370E-864E-4DD2-B76D-49F5474DFC2F}"
EndProject
Project("{9A19103F-16F7-4668-BE54-9A1E7A4F7556}") = "R5T.Z0057", "..\..\R5T.Z0057\source\R5T.Z0057\R5T.Z0057.csproj", "{62B5BD3B-CCAA-427A-B79E-4CD473E5887B}"
EndProject
Project("{9A19103F-16F7-4668-BE54-9A1E7A4F7556}") = "R5T.Z0058", "..\..\R5T.Z0058\source\R5T.Z0058\R5T.Z0058.csproj", "{9CE00920-D8BB-4847-95DF-4555557211EB}"
EndProject
Project("{9A19103F-16F7-4668-BE54-9A1E7A4F7556}") = "R5T.T0199.T001", "R5T.T0199.T001\R5T.T0199.T001.csproj", "{5A579047-0D24-4CA0-96E7-28D805AB539B}"
EndProject
Global
	GlobalSection(NestedProjects) = preSolution
		{B52F94A9-3E88-4C32-8E4D-9BD3735EDA22} = {889F2EEF-041F-4379-9582-1B0A70CC2232}
		{70EA1C04-0188-4D46-B7A1-9C23D568022C} = {889F2EEF-041F-4379-9582-1B0A70CC2232}
		{730C2A13-77B2-4B64-9831-2FD5999C9450} = {889F2EEF-041F-4379-9582-1B0A70CC2232}
		{44E4C0C8-5F94-47F6-9D82-3C6826D7A185} = {889F2EEF-041F-4379-9582-1B0A70CC2232}
		{8B38CAA4-7B67-4461-9E82-59BFA429D512} = {889F2EEF-041F-4379-9582-1B0A70CC2232}
		{7B94505F-8A1A-4A16-9FBE-B69B9A1F869F} = {889F2EEF-041F-4379-9582-1B0A70CC2232}
		{443CC697-930B-48F0-B57C-264C144DEBCE} = {889F2EEF-041F-4379-9582-1B0A70CC2232}
		{1BC687D1-C8E8-4CF1-AA9B-12AFAB914996} = {889F2EEF-041F-4379-9582-1B0A70CC2232}
		{86C300D8-70F4-4FE1-B103-670B1A217865} = {889F2EEF-041F-4379-9582-1B0A70CC2232}
		{6BBDF4EE-10C6-4467-9F24-00FBFA9D14B5} = {889F2EEF-041F-4379-9582-1B0A70CC2232}
		{50E125D4-0F43-47A7-8C56-0BDA77060386} = {889F2EEF-041F-4379-9582-1B0A70CC2232}
		{8786E54A-D206-4D88-85CA-17059BBD00E0} = {889F2EEF-041F-4379-9582-1B0A70CC2232}
		{8589A5DC-9B15-4499-A9C2-25AEFA6661BC} = {889F2EEF-041F-4379-9582-1B0A70CC2232}
		{A812488F-6769-4E34-8E63-309CDB6D088C} = {889F2EEF-041F-4379-9582-1B0A70CC2232}
		{11138728-AAFF-4D25-A82E-B1C414D36FA1} = {889F2EEF-041F-4379-9582-1B0A70CC2232}
		{5636BDD5-A166-4D8F-82FA-975D9C5FBA6E} = {889F2EEF-041F-4379-9582-1B0A70CC2232}
		{6866255E-B46D-41A6-9669-011EFCCBD24E} = {889F2EEF-041F-4379-9582-1B0A70CC2232}
		{75271798-CA0A-4DF7-B62A-0A9B0D6602AA} = {889F2EEF-041F-4379-9582-1B0A70CC2232}
		{429C8BE9-9CB7-45AB-8F5E-C972CA04438C} = {889F2EEF-041F-4379-9582-1B0A70CC2232}
		{2483B7F9-D098-4144-B123-3F543BEFC9E1} = {889F2EEF-041F-4379-9582-1B0A70CC2232}
		{0ACE3B6F-2232-4671-B71A-93EB558EDC52} = {889F2EEF-041F-4379-9582-1B0A70CC2232}
		{0147F72D-D387-4A74-ACD8-E282FCF388AF} = {889F2EEF-041F-4379-9582-1B0A70CC2232}
		{8CD72254-6F17-4664-B90B-5E5B74047059} = {889F2EEF-041F-4379-9582-1B0A70CC2232}
		{D2E8232F-7027-457D-AC5E-DC225DE8A780} = {889F2EEF-041F-4379-9582-1B0A70CC2232}
		{B04567C3-E9ED-4759-AB25-765E7C836719} = {889F2EEF-041F-4379-9582-1B0A70CC2232}
		{AD4D1632-F978-4DE7-863D-BA0D735129C5} = {889F2EEF-041F-4379-9582-1B0A70CC2232}
		{2CA731FC-C131-4DE5-A414-4155E5F5F701} = {889F2EEF-041F-4379-9582-1B0A70CC2232}
		{1398F721-49E5-48D9-942E-26BB2C6429B8} = {889F2EEF-041F-4379-9582-1B0A70CC2232}
		{43021A05-25E1-4AFF-BAD5-C1A2EBDF2D0F} = {889F2EEF-041F-4379-9582-1B0A70CC2232}
		{BD1CF87D-43B5-4BD6-8687-E146E9B872A2} = {889F2EEF-041F-4379-9582-1B0A70CC2232}
		{3C835E92-96F9-4CCA-9424-A70D610110B8} = {889F2EEF-041F-4379-9582-1B0A70CC2232}
		{7186F453-DB30-4B14-8E7C-1C3FAA1DF06B} = {889F2EEF-041F-4379-9582-1B0A70CC2232}
		{BCB0A2F0-1C04-41EC-9B2A-4743B4FDB809} = {889F2EEF-041F-4379-9582-1B0A70CC2232}
		{55A604BD-26A7-4DE2-BA8F-587711854549} = {889F2EEF-041F-4379-9582-1B0A70CC2232}
		{8624710C-0105-45D9-8630-D614EA527F5C} = {889F2EEF-041F-4379-9582-1B0A70CC2232}
		{06CC6883-6898-4C70-9C6E-AA17C512F5B2} = {889F2EEF-041F-4379-9582-1B0A70CC2232}
		{6F951582-B464-4061-B286-289E7607738D} = {889F2EEF-041F-4379-9582-1B0A70CC2232}
		{D2608CA0-B025-4667-855C-8C7EFA02ABAE} = {889F2EEF-041F-4379-9582-1B0A70CC2232}
		{0BD265E8-799F-4C5F-9445-6D1B45ACAAEF} = {889F2EEF-041F-4379-9582-1B0A70CC2232}
		{AD20A9A4-3EDB-4711-8DE3-CC93094F09FF} = {889F2EEF-041F-4379-9582-1B0A70CC2232}
		{87C9703E-6D73-49D0-A3A8-680E05C0C77A} = {889F2EEF-041F-4379-9582-1B0A70CC2232}
		{60A1BB6A-BA7B-4868-8E0C-A97DF1AB38F7} = {889F2EEF-041F-4379-9582-1B0A70CC2232}
		{6BF8B088-C666-4BEC-BE98-90A3BC5BD7E4} = {889F2EEF-041F-4379-9582-1B0A70CC2232}
		{36E7C427-2BBB-4EFC-9A0D-8C2E25EAF377} = {889F2EEF-041F-4379-9582-1B0A70CC2232}
		{8EDD790B-7071-49DB-BD3B-D4C0D62C4294} = {889F2EEF-041F-4379-9582-1B0A70CC2232}
		{25CB370E-864E-4DD2-B76D-49F5474DFC2F} = {889F2EEF-041F-4379-9582-1B0A70CC2232}
		{62B5BD3B-CCAA-427A-B79E-4CD473E5887B} = {889F2EEF-041F-4379-9582-1B0A70CC2232}
		{9CE00920-D8BB-4847-95DF-4555557211EB} = {889F2EEF-041F-4379-9582-1B0A70CC2232}
	EndGlobalSection
	GlobalSection(SolutionConfigurationPlatforms) = preSolution
		Debug|Any CPU = Debug|Any CPU
		Release|Any CPU = Release|Any CPU
	EndGlobalSection
	GlobalSection(ProjectConfigurationPlatforms) = postSolution
		{84DDD5BD-98B4-4C75-B75C-32AFC2379EFC}.Debug|Any CPU.ActiveCfg = Debug|Any CPU
		{84DDD5BD-98B4-4C75-B75C-32AFC2379EFC}.Debug|Any CPU.Build.0 = Debug|Any CPU
		{84DDD5BD-98B4-4C75-B75C-32AFC2379EFC}.Release|Any CPU.ActiveCfg = Release|Any CPU
		{84DDD5BD-98B4-4C75-B75C-32AFC2379EFC}.Release|Any CPU.Build.0 = Release|Any CPU
		{68B93049-6D58-4FCE-9618-6EBDB77F3C0C}.Debug|Any CPU.ActiveCfg = Debug|Any CPU
		{68B93049-6D58-4FCE-9618-6EBDB77F3C0C}.Debug|Any CPU.Build.0 = Debug|Any CPU
		{68B93049-6D58-4FCE-9618-6EBDB77F3C0C}.Release|Any CPU.ActiveCfg = Release|Any CPU
		{68B93049-6D58-4FCE-9618-6EBDB77F3C0C}.Release|Any CPU.Build.0 = Release|Any CPU
		{B52F94A9-3E88-4C32-8E4D-9BD3735EDA22}.Debug|Any CPU.ActiveCfg = Debug|Any CPU
		{B52F94A9-3E88-4C32-8E4D-9BD3735EDA22}.Debug|Any CPU.Build.0 = Debug|Any CPU
		{B52F94A9-3E88-4C32-8E4D-9BD3735EDA22}.Release|Any CPU.ActiveCfg = Release|Any CPU
		{B52F94A9-3E88-4C32-8E4D-9BD3735EDA22}.Release|Any CPU.Build.0 = Release|Any CPU
		{70EA1C04-0188-4D46-B7A1-9C23D568022C}.Debug|Any CPU.ActiveCfg = Debug|Any CPU
		{70EA1C04-0188-4D46-B7A1-9C23D568022C}.Debug|Any CPU.Build.0 = Debug|Any CPU
		{70EA1C04-0188-4D46-B7A1-9C23D568022C}.Release|Any CPU.ActiveCfg = Release|Any CPU
		{70EA1C04-0188-4D46-B7A1-9C23D568022C}.Release|Any CPU.Build.0 = Release|Any CPU
		{730C2A13-77B2-4B64-9831-2FD5999C9450}.Debug|Any CPU.ActiveCfg = Debug|Any CPU
		{730C2A13-77B2-4B64-9831-2FD5999C9450}.Debug|Any CPU.Build.0 = Debug|Any CPU
		{730C2A13-77B2-4B64-9831-2FD5999C9450}.Release|Any CPU.ActiveCfg = Release|Any CPU
		{730C2A13-77B2-4B64-9831-2FD5999C9450}.Release|Any CPU.Build.0 = Release|Any CPU
		{44E4C0C8-5F94-47F6-9D82-3C6826D7A185}.Debug|Any CPU.ActiveCfg = Debug|Any CPU
		{44E4C0C8-5F94-47F6-9D82-3C6826D7A185}.Debug|Any CPU.Build.0 = Debug|Any CPU
		{44E4C0C8-5F94-47F6-9D82-3C6826D7A185}.Release|Any CPU.ActiveCfg = Release|Any CPU
		{44E4C0C8-5F94-47F6-9D82-3C6826D7A185}.Release|Any CPU.Build.0 = Release|Any CPU
		{8B38CAA4-7B67-4461-9E82-59BFA429D512}.Debug|Any CPU.ActiveCfg = Debug|Any CPU
		{8B38CAA4-7B67-4461-9E82-59BFA429D512}.Debug|Any CPU.Build.0 = Debug|Any CPU
		{8B38CAA4-7B67-4461-9E82-59BFA429D512}.Release|Any CPU.ActiveCfg = Release|Any CPU
		{8B38CAA4-7B67-4461-9E82-59BFA429D512}.Release|Any CPU.Build.0 = Release|Any CPU
		{7B94505F-8A1A-4A16-9FBE-B69B9A1F869F}.Debug|Any CPU.ActiveCfg = Debug|Any CPU
		{7B94505F-8A1A-4A16-9FBE-B69B9A1F869F}.Debug|Any CPU.Build.0 = Debug|Any CPU
		{7B94505F-8A1A-4A16-9FBE-B69B9A1F869F}.Release|Any CPU.ActiveCfg = Release|Any CPU
		{7B94505F-8A1A-4A16-9FBE-B69B9A1F869F}.Release|Any CPU.Build.0 = Release|Any CPU
		{443CC697-930B-48F0-B57C-264C144DEBCE}.Debug|Any CPU.ActiveCfg = Debug|Any CPU
		{443CC697-930B-48F0-B57C-264C144DEBCE}.Debug|Any CPU.Build.0 = Debug|Any CPU
		{443CC697-930B-48F0-B57C-264C144DEBCE}.Release|Any CPU.ActiveCfg = Release|Any CPU
		{443CC697-930B-48F0-B57C-264C144DEBCE}.Release|Any CPU.Build.0 = Release|Any CPU
		{350ED189-35A0-4913-8DD1-6D1E2DEEE4A6}.Debug|Any CPU.ActiveCfg = Debug|Any CPU
		{350ED189-35A0-4913-8DD1-6D1E2DEEE4A6}.Debug|Any CPU.Build.0 = Debug|Any CPU
		{350ED189-35A0-4913-8DD1-6D1E2DEEE4A6}.Release|Any CPU.ActiveCfg = Release|Any CPU
		{350ED189-35A0-4913-8DD1-6D1E2DEEE4A6}.Release|Any CPU.Build.0 = Release|Any CPU
		{1BC687D1-C8E8-4CF1-AA9B-12AFAB914996}.Debug|Any CPU.ActiveCfg = Debug|Any CPU
		{1BC687D1-C8E8-4CF1-AA9B-12AFAB914996}.Debug|Any CPU.Build.0 = Debug|Any CPU
		{1BC687D1-C8E8-4CF1-AA9B-12AFAB914996}.Release|Any CPU.ActiveCfg = Release|Any CPU
		{1BC687D1-C8E8-4CF1-AA9B-12AFAB914996}.Release|Any CPU.Build.0 = Release|Any CPU
		{86C300D8-70F4-4FE1-B103-670B1A217865}.Debug|Any CPU.ActiveCfg = Debug|Any CPU
		{86C300D8-70F4-4FE1-B103-670B1A217865}.Debug|Any CPU.Build.0 = Debug|Any CPU
		{86C300D8-70F4-4FE1-B103-670B1A217865}.Release|Any CPU.ActiveCfg = Release|Any CPU
		{86C300D8-70F4-4FE1-B103-670B1A217865}.Release|Any CPU.Build.0 = Release|Any CPU
		{6BBDF4EE-10C6-4467-9F24-00FBFA9D14B5}.Debug|Any CPU.ActiveCfg = Debug|Any CPU
		{6BBDF4EE-10C6-4467-9F24-00FBFA9D14B5}.Debug|Any CPU.Build.0 = Debug|Any CPU
		{6BBDF4EE-10C6-4467-9F24-00FBFA9D14B5}.Release|Any CPU.ActiveCfg = Release|Any CPU
		{6BBDF4EE-10C6-4467-9F24-00FBFA9D14B5}.Release|Any CPU.Build.0 = Release|Any CPU
		{50E125D4-0F43-47A7-8C56-0BDA77060386}.Debug|Any CPU.ActiveCfg = Debug|Any CPU
		{50E125D4-0F43-47A7-8C56-0BDA77060386}.Debug|Any CPU.Build.0 = Debug|Any CPU
		{50E125D4-0F43-47A7-8C56-0BDA77060386}.Release|Any CPU.ActiveCfg = Release|Any CPU
		{50E125D4-0F43-47A7-8C56-0BDA77060386}.Release|Any CPU.Build.0 = Release|Any CPU
		{8786E54A-D206-4D88-85CA-17059BBD00E0}.Debug|Any CPU.ActiveCfg = Debug|Any CPU
		{8786E54A-D206-4D88-85CA-17059BBD00E0}.Debug|Any CPU.Build.0 = Debug|Any CPU
		{8786E54A-D206-4D88-85CA-17059BBD00E0}.Release|Any CPU.ActiveCfg = Release|Any CPU
		{8786E54A-D206-4D88-85CA-17059BBD00E0}.Release|Any CPU.Build.0 = Release|Any CPU
		{8589A5DC-9B15-4499-A9C2-25AEFA6661BC}.Debug|Any CPU.ActiveCfg = Debug|Any CPU
		{8589A5DC-9B15-4499-A9C2-25AEFA6661BC}.Debug|Any CPU.Build.0 = Debug|Any CPU
		{8589A5DC-9B15-4499-A9C2-25AEFA6661BC}.Release|Any CPU.ActiveCfg = Release|Any CPU
		{8589A5DC-9B15-4499-A9C2-25AEFA6661BC}.Release|Any CPU.Build.0 = Release|Any CPU
		{A812488F-6769-4E34-8E63-309CDB6D088C}.Debug|Any CPU.ActiveCfg = Debug|Any CPU
		{A812488F-6769-4E34-8E63-309CDB6D088C}.Debug|Any CPU.Build.0 = Debug|Any CPU
		{A812488F-6769-4E34-8E63-309CDB6D088C}.Release|Any CPU.ActiveCfg = Release|Any CPU
		{A812488F-6769-4E34-8E63-309CDB6D088C}.Release|Any CPU.Build.0 = Release|Any CPU
		{11138728-AAFF-4D25-A82E-B1C414D36FA1}.Debug|Any CPU.ActiveCfg = Debug|Any CPU
		{11138728-AAFF-4D25-A82E-B1C414D36FA1}.Debug|Any CPU.Build.0 = Debug|Any CPU
		{11138728-AAFF-4D25-A82E-B1C414D36FA1}.Release|Any CPU.ActiveCfg = Release|Any CPU
		{11138728-AAFF-4D25-A82E-B1C414D36FA1}.Release|Any CPU.Build.0 = Release|Any CPU
		{5636BDD5-A166-4D8F-82FA-975D9C5FBA6E}.Debug|Any CPU.ActiveCfg = Debug|Any CPU
		{5636BDD5-A166-4D8F-82FA-975D9C5FBA6E}.Debug|Any CPU.Build.0 = Debug|Any CPU
		{5636BDD5-A166-4D8F-82FA-975D9C5FBA6E}.Release|Any CPU.ActiveCfg = Release|Any CPU
		{5636BDD5-A166-4D8F-82FA-975D9C5FBA6E}.Release|Any CPU.Build.0 = Release|Any CPU
		{6866255E-B46D-41A6-9669-011EFCCBD24E}.Debug|Any CPU.ActiveCfg = Debug|Any CPU
		{6866255E-B46D-41A6-9669-011EFCCBD24E}.Debug|Any CPU.Build.0 = Debug|Any CPU
		{6866255E-B46D-41A6-9669-011EFCCBD24E}.Release|Any CPU.ActiveCfg = Release|Any CPU
		{6866255E-B46D-41A6-9669-011EFCCBD24E}.Release|Any CPU.Build.0 = Release|Any CPU
		{75271798-CA0A-4DF7-B62A-0A9B0D6602AA}.Debug|Any CPU.ActiveCfg = Debug|Any CPU
		{75271798-CA0A-4DF7-B62A-0A9B0D6602AA}.Debug|Any CPU.Build.0 = Debug|Any CPU
		{75271798-CA0A-4DF7-B62A-0A9B0D6602AA}.Release|Any CPU.ActiveCfg = Release|Any CPU
		{75271798-CA0A-4DF7-B62A-0A9B0D6602AA}.Release|Any CPU.Build.0 = Release|Any CPU
		{429C8BE9-9CB7-45AB-8F5E-C972CA04438C}.Debug|Any CPU.ActiveCfg = Debug|Any CPU
		{429C8BE9-9CB7-45AB-8F5E-C972CA04438C}.Debug|Any CPU.Build.0 = Debug|Any CPU
		{429C8BE9-9CB7-45AB-8F5E-C972CA04438C}.Release|Any CPU.ActiveCfg = Release|Any CPU
		{429C8BE9-9CB7-45AB-8F5E-C972CA04438C}.Release|Any CPU.Build.0 = Release|Any CPU
		{2483B7F9-D098-4144-B123-3F543BEFC9E1}.Debug|Any CPU.ActiveCfg = Debug|Any CPU
		{2483B7F9-D098-4144-B123-3F543BEFC9E1}.Debug|Any CPU.Build.0 = Debug|Any CPU
		{2483B7F9-D098-4144-B123-3F543BEFC9E1}.Release|Any CPU.ActiveCfg = Release|Any CPU
		{2483B7F9-D098-4144-B123-3F543BEFC9E1}.Release|Any CPU.Build.0 = Release|Any CPU
		{0ACE3B6F-2232-4671-B71A-93EB558EDC52}.Debug|Any CPU.ActiveCfg = Debug|Any CPU
		{0ACE3B6F-2232-4671-B71A-93EB558EDC52}.Debug|Any CPU.Build.0 = Debug|Any CPU
		{0ACE3B6F-2232-4671-B71A-93EB558EDC52}.Release|Any CPU.ActiveCfg = Release|Any CPU
		{0ACE3B6F-2232-4671-B71A-93EB558EDC52}.Release|Any CPU.Build.0 = Release|Any CPU
		{0147F72D-D387-4A74-ACD8-E282FCF388AF}.Debug|Any CPU.ActiveCfg = Debug|Any CPU
		{0147F72D-D387-4A74-ACD8-E282FCF388AF}.Debug|Any CPU.Build.0 = Debug|Any CPU
		{0147F72D-D387-4A74-ACD8-E282FCF388AF}.Release|Any CPU.ActiveCfg = Release|Any CPU
		{0147F72D-D387-4A74-ACD8-E282FCF388AF}.Release|Any CPU.Build.0 = Release|Any CPU
		{8CD72254-6F17-4664-B90B-5E5B74047059}.Debug|Any CPU.ActiveCfg = Debug|Any CPU
		{8CD72254-6F17-4664-B90B-5E5B74047059}.Debug|Any CPU.Build.0 = Debug|Any CPU
		{8CD72254-6F17-4664-B90B-5E5B74047059}.Release|Any CPU.ActiveCfg = Release|Any CPU
		{8CD72254-6F17-4664-B90B-5E5B74047059}.Release|Any CPU.Build.0 = Release|Any CPU
		{D2E8232F-7027-457D-AC5E-DC225DE8A780}.Debug|Any CPU.ActiveCfg = Debug|Any CPU
		{D2E8232F-7027-457D-AC5E-DC225DE8A780}.Debug|Any CPU.Build.0 = Debug|Any CPU
		{D2E8232F-7027-457D-AC5E-DC225DE8A780}.Release|Any CPU.ActiveCfg = Release|Any CPU
		{D2E8232F-7027-457D-AC5E-DC225DE8A780}.Release|Any CPU.Build.0 = Release|Any CPU
		{B04567C3-E9ED-4759-AB25-765E7C836719}.Debug|Any CPU.ActiveCfg = Debug|Any CPU
		{B04567C3-E9ED-4759-AB25-765E7C836719}.Debug|Any CPU.Build.0 = Debug|Any CPU
		{B04567C3-E9ED-4759-AB25-765E7C836719}.Release|Any CPU.ActiveCfg = Release|Any CPU
		{B04567C3-E9ED-4759-AB25-765E7C836719}.Release|Any CPU.Build.0 = Release|Any CPU
		{AD4D1632-F978-4DE7-863D-BA0D735129C5}.Debug|Any CPU.ActiveCfg = Debug|Any CPU
		{AD4D1632-F978-4DE7-863D-BA0D735129C5}.Debug|Any CPU.Build.0 = Debug|Any CPU
		{AD4D1632-F978-4DE7-863D-BA0D735129C5}.Release|Any CPU.ActiveCfg = Release|Any CPU
		{AD4D1632-F978-4DE7-863D-BA0D735129C5}.Release|Any CPU.Build.0 = Release|Any CPU
		{2CA731FC-C131-4DE5-A414-4155E5F5F701}.Debug|Any CPU.ActiveCfg = Debug|Any CPU
		{2CA731FC-C131-4DE5-A414-4155E5F5F701}.Debug|Any CPU.Build.0 = Debug|Any CPU
		{2CA731FC-C131-4DE5-A414-4155E5F5F701}.Release|Any CPU.ActiveCfg = Release|Any CPU
		{2CA731FC-C131-4DE5-A414-4155E5F5F701}.Release|Any CPU.Build.0 = Release|Any CPU
		{1398F721-49E5-48D9-942E-26BB2C6429B8}.Debug|Any CPU.ActiveCfg = Debug|Any CPU
		{1398F721-49E5-48D9-942E-26BB2C6429B8}.Debug|Any CPU.Build.0 = Debug|Any CPU
		{1398F721-49E5-48D9-942E-26BB2C6429B8}.Release|Any CPU.ActiveCfg = Release|Any CPU
		{1398F721-49E5-48D9-942E-26BB2C6429B8}.Release|Any CPU.Build.0 = Release|Any CPU
		{43021A05-25E1-4AFF-BAD5-C1A2EBDF2D0F}.Debug|Any CPU.ActiveCfg = Debug|Any CPU
		{43021A05-25E1-4AFF-BAD5-C1A2EBDF2D0F}.Debug|Any CPU.Build.0 = Debug|Any CPU
		{43021A05-25E1-4AFF-BAD5-C1A2EBDF2D0F}.Release|Any CPU.ActiveCfg = Release|Any CPU
		{43021A05-25E1-4AFF-BAD5-C1A2EBDF2D0F}.Release|Any CPU.Build.0 = Release|Any CPU
		{BD1CF87D-43B5-4BD6-8687-E146E9B872A2}.Debug|Any CPU.ActiveCfg = Debug|Any CPU
		{BD1CF87D-43B5-4BD6-8687-E146E9B872A2}.Debug|Any CPU.Build.0 = Debug|Any CPU
		{BD1CF87D-43B5-4BD6-8687-E146E9B872A2}.Release|Any CPU.ActiveCfg = Release|Any CPU
		{BD1CF87D-43B5-4BD6-8687-E146E9B872A2}.Release|Any CPU.Build.0 = Release|Any CPU
		{3C835E92-96F9-4CCA-9424-A70D610110B8}.Debug|Any CPU.ActiveCfg = Debug|Any CPU
		{3C835E92-96F9-4CCA-9424-A70D610110B8}.Debug|Any CPU.Build.0 = Debug|Any CPU
		{3C835E92-96F9-4CCA-9424-A70D610110B8}.Release|Any CPU.ActiveCfg = Release|Any CPU
		{3C835E92-96F9-4CCA-9424-A70D610110B8}.Release|Any CPU.Build.0 = Release|Any CPU
		{7186F453-DB30-4B14-8E7C-1C3FAA1DF06B}.Debug|Any CPU.ActiveCfg = Debug|Any CPU
		{7186F453-DB30-4B14-8E7C-1C3FAA1DF06B}.Debug|Any CPU.Build.0 = Debug|Any CPU
		{7186F453-DB30-4B14-8E7C-1C3FAA1DF06B}.Release|Any CPU.ActiveCfg = Release|Any CPU
		{7186F453-DB30-4B14-8E7C-1C3FAA1DF06B}.Release|Any CPU.Build.0 = Release|Any CPU
		{BCB0A2F0-1C04-41EC-9B2A-4743B4FDB809}.Debug|Any CPU.ActiveCfg = Debug|Any CPU
		{BCB0A2F0-1C04-41EC-9B2A-4743B4FDB809}.Debug|Any CPU.Build.0 = Debug|Any CPU
		{BCB0A2F0-1C04-41EC-9B2A-4743B4FDB809}.Release|Any CPU.ActiveCfg = Release|Any CPU
		{BCB0A2F0-1C04-41EC-9B2A-4743B4FDB809}.Release|Any CPU.Build.0 = Release|Any CPU
		{55A604BD-26A7-4DE2-BA8F-587711854549}.Debug|Any CPU.ActiveCfg = Debug|Any CPU
		{55A604BD-26A7-4DE2-BA8F-587711854549}.Debug|Any CPU.Build.0 = Debug|Any CPU
		{55A604BD-26A7-4DE2-BA8F-587711854549}.Release|Any CPU.ActiveCfg = Release|Any CPU
		{55A604BD-26A7-4DE2-BA8F-587711854549}.Release|Any CPU.Build.0 = Release|Any CPU
		{8624710C-0105-45D9-8630-D614EA527F5C}.Debug|Any CPU.ActiveCfg = Debug|Any CPU
		{8624710C-0105-45D9-8630-D614EA527F5C}.Debug|Any CPU.Build.0 = Debug|Any CPU
		{8624710C-0105-45D9-8630-D614EA527F5C}.Release|Any CPU.ActiveCfg = Release|Any CPU
		{8624710C-0105-45D9-8630-D614EA527F5C}.Release|Any CPU.Build.0 = Release|Any CPU
		{06CC6883-6898-4C70-9C6E-AA17C512F5B2}.Debug|Any CPU.ActiveCfg = Debug|Any CPU
		{06CC6883-6898-4C70-9C6E-AA17C512F5B2}.Debug|Any CPU.Build.0 = Debug|Any CPU
		{06CC6883-6898-4C70-9C6E-AA17C512F5B2}.Release|Any CPU.ActiveCfg = Release|Any CPU
		{06CC6883-6898-4C70-9C6E-AA17C512F5B2}.Release|Any CPU.Build.0 = Release|Any CPU
		{6F951582-B464-4061-B286-289E7607738D}.Debug|Any CPU.ActiveCfg = Debug|Any CPU
		{6F951582-B464-4061-B286-289E7607738D}.Debug|Any CPU.Build.0 = Debug|Any CPU
		{6F951582-B464-4061-B286-289E7607738D}.Release|Any CPU.ActiveCfg = Release|Any CPU
		{6F951582-B464-4061-B286-289E7607738D}.Release|Any CPU.Build.0 = Release|Any CPU
		{D2608CA0-B025-4667-855C-8C7EFA02ABAE}.Debug|Any CPU.ActiveCfg = Debug|Any CPU
		{D2608CA0-B025-4667-855C-8C7EFA02ABAE}.Debug|Any CPU.Build.0 = Debug|Any CPU
		{D2608CA0-B025-4667-855C-8C7EFA02ABAE}.Release|Any CPU.ActiveCfg = Release|Any CPU
		{D2608CA0-B025-4667-855C-8C7EFA02ABAE}.Release|Any CPU.Build.0 = Release|Any CPU
		{0BD265E8-799F-4C5F-9445-6D1B45ACAAEF}.Debug|Any CPU.ActiveCfg = Debug|Any CPU
		{0BD265E8-799F-4C5F-9445-6D1B45ACAAEF}.Debug|Any CPU.Build.0 = Debug|Any CPU
		{0BD265E8-799F-4C5F-9445-6D1B45ACAAEF}.Release|Any CPU.ActiveCfg = Release|Any CPU
		{0BD265E8-799F-4C5F-9445-6D1B45ACAAEF}.Release|Any CPU.Build.0 = Release|Any CPU
		{AD20A9A4-3EDB-4711-8DE3-CC93094F09FF}.Debug|Any CPU.ActiveCfg = Debug|Any CPU
		{AD20A9A4-3EDB-4711-8DE3-CC93094F09FF}.Debug|Any CPU.Build.0 = Debug|Any CPU
		{AD20A9A4-3EDB-4711-8DE3-CC93094F09FF}.Release|Any CPU.ActiveCfg = Release|Any CPU
		{AD20A9A4-3EDB-4711-8DE3-CC93094F09FF}.Release|Any CPU.Build.0 = Release|Any CPU
		{87C9703E-6D73-49D0-A3A8-680E05C0C77A}.Debug|Any CPU.ActiveCfg = Debug|Any CPU
		{87C9703E-6D73-49D0-A3A8-680E05C0C77A}.Debug|Any CPU.Build.0 = Debug|Any CPU
		{87C9703E-6D73-49D0-A3A8-680E05C0C77A}.Release|Any CPU.ActiveCfg = Release|Any CPU
		{87C9703E-6D73-49D0-A3A8-680E05C0C77A}.Release|Any CPU.Build.0 = Release|Any CPU
		{60A1BB6A-BA7B-4868-8E0C-A97DF1AB38F7}.Debug|Any CPU.ActiveCfg = Debug|Any CPU
		{60A1BB6A-BA7B-4868-8E0C-A97DF1AB38F7}.Debug|Any CPU.Build.0 = Debug|Any CPU
		{60A1BB6A-BA7B-4868-8E0C-A97DF1AB38F7}.Release|Any CPU.ActiveCfg = Release|Any CPU
		{60A1BB6A-BA7B-4868-8E0C-A97DF1AB38F7}.Release|Any CPU.Build.0 = Release|Any CPU
		{6BF8B088-C666-4BEC-BE98-90A3BC5BD7E4}.Debug|Any CPU.ActiveCfg = Debug|Any CPU
		{6BF8B088-C666-4BEC-BE98-90A3BC5BD7E4}.Debug|Any CPU.Build.0 = Debug|Any CPU
		{6BF8B088-C666-4BEC-BE98-90A3BC5BD7E4}.Release|Any CPU.ActiveCfg = Release|Any CPU
		{6BF8B088-C666-4BEC-BE98-90A3BC5BD7E4}.Release|Any CPU.Build.0 = Release|Any CPU
		{36E7C427-2BBB-4EFC-9A0D-8C2E25EAF377}.Debug|Any CPU.ActiveCfg = Debug|Any CPU
		{36E7C427-2BBB-4EFC-9A0D-8C2E25EAF377}.Debug|Any CPU.Build.0 = Debug|Any CPU
		{36E7C427-2BBB-4EFC-9A0D-8C2E25EAF377}.Release|Any CPU.ActiveCfg = Release|Any CPU
		{36E7C427-2BBB-4EFC-9A0D-8C2E25EAF377}.Release|Any CPU.Build.0 = Release|Any CPU
		{8EDD790B-7071-49DB-BD3B-D4C0D62C4294}.Debug|Any CPU.ActiveCfg = Debug|Any CPU
		{8EDD790B-7071-49DB-BD3B-D4C0D62C4294}.Debug|Any CPU.Build.0 = Debug|Any CPU
		{8EDD790B-7071-49DB-BD3B-D4C0D62C4294}.Release|Any CPU.ActiveCfg = Release|Any CPU
		{8EDD790B-7071-49DB-BD3B-D4C0D62C4294}.Release|Any CPU.Build.0 = Release|Any CPU
		{25CB370E-864E-4DD2-B76D-49F5474DFC2F}.Debug|Any CPU.ActiveCfg = Debug|Any CPU
		{25CB370E-864E-4DD2-B76D-49F5474DFC2F}.Debug|Any CPU.Build.0 = Debug|Any CPU
		{25CB370E-864E-4DD2-B76D-49F5474DFC2F}.Release|Any CPU.ActiveCfg = Release|Any CPU
		{25CB370E-864E-4DD2-B76D-49F5474DFC2F}.Release|Any CPU.Build.0 = Release|Any CPU
		{62B5BD3B-CCAA-427A-B79E-4CD473E5887B}.Debug|Any CPU.ActiveCfg = Debug|Any CPU
		{62B5BD3B-CCAA-427A-B79E-4CD473E5887B}.Debug|Any CPU.Build.0 = Debug|Any CPU
		{62B5BD3B-CCAA-427A-B79E-4CD473E5887B}.Release|Any CPU.ActiveCfg = Release|Any CPU
		{62B5BD3B-CCAA-427A-B79E-4CD473E5887B}.Release|Any CPU.Build.0 = Release|Any CPU
		{9CE00920-D8BB-4847-95DF-4555557211EB}.Debug|Any CPU.ActiveCfg = Debug|Any CPU
		{9CE00920-D8BB-4847-95DF-4555557211EB}.Debug|Any CPU.Build.0 = Debug|Any CPU
		{9CE00920-D8BB-4847-95DF-4555557211EB}.Release|Any CPU.ActiveCfg = Release|Any CPU
		{9CE00920-D8BB-4847-95DF-4555557211EB}.Release|Any CPU.Build.0 = Release|Any CPU
		{5A579047-0D24-4CA0-96E7-28D805AB539B}.Debug|Any CPU.ActiveCfg = Debug|Any CPU
		{5A579047-0D24-4CA0-96E7-28D805AB539B}.Debug|Any CPU.Build.0 = Debug|Any CPU
		{5A579047-0D24-4CA0-96E7-28D805AB539B}.Release|Any CPU.ActiveCfg = Release|Any CPU
		{5A579047-0D24-4CA0-96E7-28D805AB539B}.Release|Any CPU.Build.0 = Release|Any CPU
	EndGlobalSection
	GlobalSection(SolutionProperties) = preSolution
		HideSolutionNode = FALSE
	EndGlobalSection
	GlobalSection(ExtensibilityGlobals) = postSolution
		SolutionGuid = {295B28A3-DC1D-4C9D-A9EB-F6E43DF583E2}
	EndGlobalSection
EndGlobal
