
Microsoft Visual Studio Solution File, Format Version 12.00
# Visual Studio Version 17
VisualStudioVersion = 17.2.32630.192
MinimumVisualStudioVersion = 10.0.40219.1
Project("{9A19103F-16F7-4668-BE54-9A1E7A4F7556}") = "R5T.T0199", "R5T.T0199\R5T.T0199.csproj", "{0BF4660F-E812-4C66-9659-8061477E5A30}"
EndProject
Global
	GlobalSection(SolutionConfigurationPlatforms) = preSolution
		Debug|Any CPU = Debug|Any CPU
		Release|Any CPU = Release|Any CPU
	EndGlobalSection
	GlobalSection(ProjectConfigurationPlatforms) = postSolution
		{0BF4660F-E812-4C66-9659-8061477E5A30}.Debug|Any CPU.ActiveCfg = Debug|Any CPU
		{0BF4660F-E812-4C66-9659-8061477E5A30}.Debug|Any CPU.Build.0 = Debug|Any CPU
		{0BF4660F-E812-4C66-9659-8061477E5A30}.Release|Any CPU.ActiveCfg = Release|Any CPU
		{0BF4660F-E812-4C66-9659-8061477E5A30}.Release|Any CPU.Build.0 = Release|Any CPU
	EndGlobalSection
	GlobalSection(SolutionProperties) = preSolution
		HideSolutionNode = FALSE
	EndGlobalSection
	GlobalSection(ExtensibilityGlobals) = postSolution
		SolutionGuid = {E4BF4856-1E27-41B4-9085-A562C16E50D7}
	EndGlobalSection
EndGlobal
